{"SurveyEntry":{"SurveyID":"SV_bx3M7xYs3V7OZZY","SurveyName":"HXI Items","SurveyDescription":null,"SurveyOwnerID":"UR_ePfrXydI8njmWjQ","SurveyBrandID":"uwaterloo","DivisionID":null,"SurveyLanguage":"EN","SurveyActiveResponseSet":"RS_4MaEQZR7QxncOlE","SurveyStatus":"Active","SurveyStartDate":"0000-00-00 00:00:00","SurveyExpirationDate":"0000-00-00 00:00:00","SurveyCreationDate":"2024-12-09 08:06:15","CreatorID":"UR_ePfrXydI8njmWjQ","LastModified":"2025-04-07 14:54:32","LastAccessed":"0000-00-00 00:00:00","LastActivated":"2025-04-07 14:54:06","Deleted":null},"SurveyElements":[{"SurveyID":"SV_bx3M7xYs3V7OZZY","Element":"BL","PrimaryAttribute":"Survey Blocks","SecondaryAttribute":null,"TertiaryAttribute":null,"Payload":[{"Type":"Default","Description":"Default Question Block","ID":"BL_8H3xVWrZHzylQ5o","BlockElements":[{"Type":"Question","QuestionID":"QID1"}]},{"Type":"Trash","Description":"Trash \/ Unused Questions","ID":"BL_d6wjEqLQ9sZpdiu"}]},{"SurveyID":"SV_bx3M7xYs3V7OZZY","Element":"FL","PrimaryAttribute":"Survey Flow","SecondaryAttribute":null,"TertiaryAttribute":null,"Payload":{"Flow":[{"ID":"BL_8H3xVWrZHzylQ5o","Type":"Block","FlowID":"FL_2"}],"Properties":{"Count":2},"FlowID":"FL_1","Type":"Root"}},{"SurveyID":"SV_bx3M7xYs3V7OZZY","Element":"PL","PrimaryAttribute":"Preview Link","SecondaryAttribute":null,"TertiaryAttribute":null,"Payload":{"PreviewType":"Brand","PreviewID":"0bdba272-3f70-4f75-aec2-9f1b87f1190c"}},{"SurveyID":"SV_bx3M7xYs3V7OZZY","Element":"PROJ","PrimaryAttribute":"CORE","SecondaryAttribute":null,"TertiaryAttribute":"1.1.0","Payload":{"ProjectCategory":"CORE","SchemaVersion":"1.1.0"}},{"SurveyID":"SV_bx3M7xYs3V7OZZY","Element":"QC","PrimaryAttribute":"Survey Question Count","SecondaryAttribute":"1","TertiaryAttribute":null,"Payload":null},{"SurveyID":"SV_bx3M7xYs3V7OZZY","Element":"QG","PrimaryAttribute":"QG_AIIRWpE8wR36ojD","SecondaryAttribute":"Default Quota Group","TertiaryAttribute":null,"Payload":{"ID":"QG_AIIRWpE8wR36ojD","Name":"Default Quota Group","Selected":true,"MultipleMatch":"PlaceInAll","Public":false,"Quotas":[]}},{"SurveyID":"SV_bx3M7xYs3V7OZZY","Element":"QGO","PrimaryAttribute":"QGO_QuotaGroupOrder","SecondaryAttribute":null,"TertiaryAttribute":null,"Payload":["QG_AIIRWpE8wR36ojD"]},{"SurveyID":"SV_bx3M7xYs3V7OZZY","Element":"RS","PrimaryAttribute":"RS_4MaEQZR7QxncOlE","SecondaryAttribute":"Default Response Set","TertiaryAttribute":null,"Payload":null},{"SurveyID":"SV_bx3M7xYs3V7OZZY","Element":"SCO","PrimaryAttribute":"Scoring","SecondaryAttribute":null,"TertiaryAttribute":null,"Payload":{"ScoringCategories":[],"ScoringCategoryGroups":[],"ScoringSummaryCategory":null,"ScoringSummaryAfterQuestions":0,"ScoringSummaryAfterSurvey":0,"DefaultScoringCategory":null,"AutoScoringCategory":null}},{"SurveyID":"SV_bx3M7xYs3V7OZZY","Element":"SO","PrimaryAttribute":"Survey Options","SecondaryAttribute":null,"TertiaryAttribute":null,"Payload":{"BackButton":"false","SaveAndContinue":"true","SurveyProtection":"PublicSurvey","BallotBoxStuffingPrevention":"false","NoIndex":"Yes","SecureResponseFiles":"true","SurveyExpiration":"None","SurveyTermination":"DefaultMessage","Header":"","Footer":"","ProgressBarDisplay":"None","PartialData":"+1 week","ValidationMessage":null,"PreviousButton":"","NextButton":"","SurveyTitle":"HXI Items","SkinLibrary":"uwaterloo","SkinType":"templated","Skin":{"brandingId":"9862507321","templateId":"*base","overrides":null},"NewScoring":1,"SurveyMetaDescription":"The most powerful, simple and trusted way to gather experience data. Start your journey to experience management and try a free account today.","EOSMessage":null,"ShowExportTags":"false","CollectGeoLocation":"false","PasswordProtection":"No","AnonymizeResponse":"No","RefererCheck":"No","BallotBoxStuffingPreventionBehavior":null,"BallotBoxStuffingPreventionMessage":null,"BallotBoxStuffingPreventionMessageLibrary":null,"BallotBoxStuffingPreventionURL":null,"RecaptchaV3":"false","ConfirmStart":false,"AutoConfirmStart":false,"RelevantID":"false","RelevantIDLockoutPeriod":"+30 days","UseCustomSurveyLinkCompletedMessage":null,"SurveyLinkCompletedMessage":null,"SurveyLinkCompletedMessageLibrary":null,"ResponseSummary":"No","EOSMessageLibrary":null,"EOSRedirectURL":null,"EmailThankYou":"false","ThankYouEmailMessageLibrary":null,"ThankYouEmailMessage":null,"ValidateMessage":"false","ValidationMessageLibrary":null,"InactiveSurvey":null,"PartialDeletion":null,"PartialDataCloseAfter":"LastActivity","InactiveMessageLibrary":null,"InactiveMessage":null,"AvailableLanguages":{"EN":[]},"SurveyName":"HXI Items"}},{"SurveyID":"SV_bx3M7xYs3V7OZZY","Element":"SQ","PrimaryAttribute":"QID1","SecondaryAttribute":"You will be shown a series of statements. Please select the option that best reflects your agreem...","TertiaryAttribute":null,"Payload":{"QuestionText":"You will be shown a series of statements. Please select the option that best reflects your agreement level with each statement with regards to the gaming experience you just had.<br>\n<br>\nFor clarity, please review the following definitions:<br>\n&nbsp; &nbsp; Haptic sensations: Anything that you feel with the sense of touch. It could be vibrations, force, temperature, pressure, or any other physical sensation.<br>\n&nbsp; &nbsp; Other senses: Sensory modalities beyond touch, such as vision and hearing.<br><br>","DefaultChoices":false,"DataExportTag":"Q1","QuestionID":"QID1","QuestionType":"Matrix","Selector":"Likert","SubSelector":"SingleAnswer","DataVisibility":{"Private":false,"Hidden":false},"Configuration":{"QuestionDescriptionOption":"UseText","TextPosition":"above","ChoiceColumnWidth":25,"RepeatHeaders":"middle","WhiteSpace":"OFF","MobileFirst":true,"Autoscale":{"XScale":{"Name":"agreeDisagree","Type":"likert","Reverse":false}}},"QuestionDescription":"You will be shown a series of statements. Please select the option that best reflects your agreem...","Choices":{"1":{"Display":"Regardless of function, I found the haptic sensations pleasant."},"2":{"Display":"Experiencing the haptic sensations was enjoyable to me.\u00a0"},"3":{"Display":"I enjoyed the haptic sensations themselves."},"4":{"Display":"The haptic sensations were enjoyable on their own, regardless of their function."},"5":{"Display":"I felt absorbed in the task due to the haptic sensations."},"6":{"Display":"I found the haptic sensations strengthened my engagement with the\u00a0system."},"7":{"Display":"The haptic sensations contributed to my involvement in the task."},"8":{"Display":"The haptic interactions made me more focused.\u00a0"},"9":{"Display":"The haptic sensations resembled the ones I feel in real life."},"10":{"Display":"The haptic sensations closely mimicked the experiences I would expect\u00a0in reality."},"11":{"Display":"The haptic sensations felt familiar to real life touch."},"12":{"Display":"The haptic sensations provided a true-to-life representation of real-world sensations."},"13":{"Display":"The haptic sensations seemed to lack coordination with other senses."},"14":{"Display":"I experienced a sense of mismatch between the haptic sensations and\u00a0other senses."},"15":{"Display":"The haptic sensations felt out of sync with the other senses."},"16":{"Display":"I experienced a disconnect between the haptic sensations and what I\u00a0expected."},"17":{"Display":"I felt a sense of harmony between the haptic sensations and other\u00a0senses."},"18":{"Display":"The haptic sensations integrated seamlessly with other senses."},"19":{"Display":"I feel the haptic sensations are well coordinated with the other senses.\u00a0"},"20":{"Display":"The haptic sensations complemented other senses well."}},"ChoiceOrder":[1,2,3,4,5,6,7,8,9,10,11,12,13,14,15,16,17,18,19,20],"Validation":{"Settings":{"ForceResponse":"ON","ForceResponseType":"ON","Type":"None"}},"GradingData":[],"Language":[],"NextChoiceId":6,"NextAnswerId":8,"Answers":{"1":{"Display":"Strongly disagree"},"2":{"Display":"Disagree"},"3":{"Display":"Somewhat disagree"},"4":{"Display":"Neither agree nor disagree"},"5":{"Display":"Somewhat agree"},"6":{"Display":"Agree"},"7":{"Display":"Strongly agree"}},"AnswerOrder":[1,2,3,4,5,6,7],"ChoiceDataExportTags":false,"Randomization":{"Advanced":null,"TotalRandSubset":"","Type":"All"}}},{"SurveyID":"SV_bx3M7xYs3V7OZZY","Element":"STAT","PrimaryAttribute":"Survey Statistics","SecondaryAttribute":null,"TertiaryAttribute":null,"Payload":{"MobileCompatible":false,"ID":"Survey Statistics"}}]}